
Microsoft Visual Studio Solution File, Format Version 12.00
# Visual Studio 2012
Project("{FAE04EC0-301F-11D3-BF4B-00C04F79EFBC}") = "DarkMapleLib", "DarkMapleLib\DarkMapleLib.csproj", "{B593DDAB-8BE6-4FAB-92B6-60E5C9A77C5E}"
EndProject
Project("{FAE04EC0-301F-11D3-BF4B-00C04F79EFBC}") = "DarkMapleLibTest", "DarkMapleLibTest\DarkMapleLibTest.csproj", "{DA21CE8E-8C33-4DDD-BAC3-36DC467836EC}"
EndProject
Global
	GlobalSection(SolutionConfigurationPlatforms) = preSolution
		Debug|Any CPU = Debug|Any CPU
		Release|Any CPU = Release|Any CPU
	EndGlobalSection
	GlobalSection(ProjectConfigurationPlatforms) = postSolution
		{B593DDAB-8BE6-4FAB-92B6-60E5C9A77C5E}.Debug|Any CPU.ActiveCfg = Debug|Any CPU
		{B593DDAB-8BE6-4FAB-92B6-60E5C9A77C5E}.Debug|Any CPU.Build.0 = Debug|Any CPU
		{B593DDAB-8BE6-4FAB-92B6-60E5C9A77C5E}.Release|Any CPU.ActiveCfg = Release|Any CPU
		{B593DDAB-8BE6-4FAB-92B6-60E5C9A77C5E}.Release|Any CPU.Build.0 = Release|Any CPU
		{DA21CE8E-8C33-4DDD-BAC3-36DC467836EC}.Debug|Any CPU.ActiveCfg = Debug|Any CPU
		{DA21CE8E-8C33-4DDD-BAC3-36DC467836EC}.Debug|Any CPU.Build.0 = Debug|Any CPU
		{DA21CE8E-8C33-4DDD-BAC3-36DC467836EC}.Release|Any CPU.ActiveCfg = Release|Any CPU
		{DA21CE8E-8C33-4DDD-BAC3-36DC467836EC}.Release|Any CPU.Build.0 = Release|Any CPU
	EndGlobalSection
	GlobalSection(SolutionProperties) = preSolution
		HideSolutionNode = FALSE
	EndGlobalSection
EndGlobal
