
Microsoft Visual Studio Solution File, Format Version 12.00
# Visual Studio 2013
VisualStudioVersion = 12.0.31101.0
MinimumVisualStudioVersion = 10.0.40219.1
Project("{FAE04EC0-301F-11D3-BF4B-00C04F79EFBC}") = "DarkMapleLib", "DarkMapleLib\DarkMapleLib.csproj", "{59829E40-6278-4BDE-9718-310B7A2200D0}"
EndProject
Global
	GlobalSection(TeamFoundationVersionControl) = preSolution
		SccNumberOfProjects = 2
		SccEnterpriseProvider = {4CA58AB2-18FA-4F8D-95D4-32DDF27D184C}
		SccTeamFoundationServer = https://yaminike.visualstudio.com/defaultcollection
		SccLocalPath0 = .
		SccProjectUniqueName1 = DarkMapleLib\\DarkMapleLib.csproj
		SccProjectName1 = DarkMapleLib
		SccLocalPath1 = DarkMapleLib
	EndGlobalSection
	GlobalSection(SolutionConfigurationPlatforms) = preSolution
		Debug|Any CPU = Debug|Any CPU
		EMS|Any CPU = EMS|Any CPU
		GMS|Any CPU = GMS|Any CPU
		KMS|Any CPU = KMS|Any CPU
		Release|Any CPU = Release|Any CPU
	EndGlobalSection
	GlobalSection(ProjectConfigurationPlatforms) = postSolution
		{59829E40-6278-4BDE-9718-310B7A2200D0}.Debug|Any CPU.ActiveCfg = Debug|Any CPU
		{59829E40-6278-4BDE-9718-310B7A2200D0}.Debug|Any CPU.Build.0 = Debug|Any CPU
		{59829E40-6278-4BDE-9718-310B7A2200D0}.EMS|Any CPU.ActiveCfg = EMS|Any CPU
		{59829E40-6278-4BDE-9718-310B7A2200D0}.EMS|Any CPU.Build.0 = EMS|Any CPU
		{59829E40-6278-4BDE-9718-310B7A2200D0}.GMS|Any CPU.ActiveCfg = GMS|Any CPU
		{59829E40-6278-4BDE-9718-310B7A2200D0}.GMS|Any CPU.Build.0 = GMS|Any CPU
		{59829E40-6278-4BDE-9718-310B7A2200D0}.KMS|Any CPU.ActiveCfg = KMS|Any CPU
		{59829E40-6278-4BDE-9718-310B7A2200D0}.KMS|Any CPU.Build.0 = KMS|Any CPU
		{59829E40-6278-4BDE-9718-310B7A2200D0}.Release|Any CPU.ActiveCfg = Release|Any CPU
		{59829E40-6278-4BDE-9718-310B7A2200D0}.Release|Any CPU.Build.0 = Release|Any CPU
	EndGlobalSection
	GlobalSection(SolutionProperties) = preSolution
		HideSolutionNode = FALSE
	EndGlobalSection
EndGlobal
